
Microsoft Visual Studio Solution File, Format Version 12.00
# Visual Studio Version 17
VisualStudioVersion = 17.11.35005.142
MinimumVisualStudioVersion = 10.0.40219.1
Project("{FAE04EC0-301F-11D3-BF4B-00C04F79EFBC}") = "element.118.app.API", "element.118.app.API.csproj", "{C8280F1A-DB50-4A35-92E1-7A32D716CD46}"
EndProject
Global
	GlobalSection(SolutionConfigurationPlatforms) = preSolution
		Debug|Any CPU = Debug|Any CPU
		Release|Any CPU = Release|Any CPU
	EndGlobalSection
	GlobalSection(ProjectConfigurationPlatforms) = postSolution
		{C8280F1A-DB50-4A35-92E1-7A32D716CD46}.Debug|Any CPU.ActiveCfg = Debug|Any CPU
		{C8280F1A-DB50-4A35-92E1-7A32D716CD46}.Debug|Any CPU.Build.0 = Debug|Any CPU
		{C8280F1A-DB50-4A35-92E1-7A32D716CD46}.Release|Any CPU.ActiveCfg = Release|Any CPU
		{C8280F1A-DB50-4A35-92E1-7A32D716CD46}.Release|Any CPU.Build.0 = Release|Any CPU
	EndGlobalSection
	GlobalSection(SolutionProperties) = preSolution
		HideSolutionNode = FALSE
	EndGlobalSection
	GlobalSection(ExtensibilityGlobals) = postSolution
		SolutionGuid = {F32F2688-FA1C-480A-96CB-D7E6808BC593}
	EndGlobalSection
EndGlobal
